
Microsoft Visual Studio Solution File, Format Version 12.00
# Visual Studio Version 17
VisualStudioVersion = 17.4.33110.190
MinimumVisualStudioVersion = 10.0.40219.1
Project("{FAE04EC0-301F-11D3-BF4B-00C04F79EFBC}") = "JogoDeXadrez", "JogoDeXadrez\JogoDeXadrez.csproj", "{1DE38FD7-3D6F-4858-A589-C686B9586BAA}"
EndProject
Global
	GlobalSection(SolutionConfigurationPlatforms) = preSolution
		Debug|Any CPU = Debug|Any CPU
		Release|Any CPU = Release|Any CPU
	EndGlobalSection
	GlobalSection(ProjectConfigurationPlatforms) = postSolution
		{1DE38FD7-3D6F-4858-A589-C686B9586BAA}.Debug|Any CPU.ActiveCfg = Debug|Any CPU
		{1DE38FD7-3D6F-4858-A589-C686B9586BAA}.Debug|Any CPU.Build.0 = Debug|Any CPU
		{1DE38FD7-3D6F-4858-A589-C686B9586BAA}.Release|Any CPU.ActiveCfg = Release|Any CPU
		{1DE38FD7-3D6F-4858-A589-C686B9586BAA}.Release|Any CPU.Build.0 = Release|Any CPU
	EndGlobalSection
	GlobalSection(SolutionProperties) = preSolution
		HideSolutionNode = FALSE
	EndGlobalSection
	GlobalSection(ExtensibilityGlobals) = postSolution
		SolutionGuid = {D61BA8EA-3321-422F-AF9A-199C736CC8C4}
	EndGlobalSection
EndGlobal
